{
    "name": "klave-connector",
    "version": "1.0.0",
    "lockfileVersion": 3,
    "requires": true,
    "packages": {
        "": {
            "name": "klave-connector",
            "version": "1.0.0",
            "license": "ISC",
            "dependencies": {
                "@klave/sdk": "0.12.0-dev.5",
                "@secretarium/connector": "^0.17.0",
                "eckles": "^1.4.1",
                "uuid": "^9.0.1"
            }
        },
        "node_modules/@klave/as-json": {
            "version": "0.8.2",
            "resolved": "https://registry.npmjs.org/@klave/as-json/-/as-json-0.8.2.tgz",
            "integrity": "sha512-2eX1fINBlljOT7GO9Xe5D4XbhQ4OedPyi2+16vg0v7TV5Qar2/CUVGKMHj+YOqR5NpKil5Y30Y9gDBtyIxpK9A==",
            "dependencies": {
                "as-string-sink": "^0.5.3",
                "as-variant": "^0.4.1",
                "as-virtual": "^0.1.9"
            }
        },
        "node_modules/@klave/compiler": {
            "version": "0.4.0",
            "resolved": "https://registry.npmjs.org/@klave/compiler/-/compiler-0.4.0.tgz",
            "integrity": "sha512-hevcjA9vv/MPB9Ak9gao/sA1XwhbECMN2vzoc4dr2bzD7ohESDeYOeE+Vlw5PpqS2frk/ze0//Sj03DLvsZPtg==",
            "license": "MIT",
            "dependencies": {
                "@klave/as-json": "^0.8.2",
                "@total-typescript/ts-reset": "^0.5.1",
                "assemblyscript": "^0.27.27",
                "serialize-error": "8.1.0",
                "tslib": "^2.6.2",
                "typescript": "^5.4.4",
                "uuid": "^9.0.1"
            }
        },
        "node_modules/@klave/sdk": {
            "version": "0.12.0-dev.5",
            "resolved": "https://registry.npmjs.org/@klave/sdk/-/sdk-0.12.0-dev.5.tgz",
            "integrity": "sha512-bU6mTPrPWrb8pTt0Hw0Gsl51oryilbkSB/FLw3WyqevRm+mq09qcOGnpK1BDKtQGUsrF+4XHwGUE+X/yF60aBw==",
            "dependencies": {
                "@klave/as-json": "^0.8.2",
                "@klave/compiler": "0.4.0",
                "@swc/helpers": "0.5.11",
                "@total-typescript/ts-reset": "^0.5.1",
                "as-base64": "0.2.0",
                "assemblyscript": "^0.27.27",
                "chalk": "^4.1.2",
                "fs-extra": "^11.2.0",
                "path-complete-extname": "1.0.0",
                "serialize-error": "8.1.0",
                "uuid": "^9.0.1",
                "zod": "^3.23.5"
            },
            "bin": {
                "stac": "bin/stac"
            }
        },
        "node_modules/@secretarium/connector": {
            "version": "0.17.0",
            "resolved": "https://registry.npmjs.org/@secretarium/connector/-/connector-0.17.0.tgz",
            "integrity": "sha512-x/yDGBps+iKGc6lcYbZPuKT84ZmK2Cs1nxPjEiODPA98IanLXVV4MUsUhvn3+uWxPRTeQEJs5TFjxauvRlSj8w==",
            "license": "MIT",
            "dependencies": {
                "@secretarium/crypto": "~0.2.0",
                "@total-typescript/ts-reset": "0.5.1",
                "ws": "8.16.0"
            }
        },
        "node_modules/@secretarium/crypto": {
            "version": "0.2.1",
            "resolved": "https://registry.npmjs.org/@secretarium/crypto/-/crypto-0.2.1.tgz",
            "integrity": "sha512-MNRT8Im7AifrqJVignpjBqfbON3e+FJO+FKd6j7c51Ozfu53WvYuA+my1fP0SLzTVgo15jDCzRZ54tWKJBWYWg==",
            "license": "MIT",
            "dependencies": {
                "js-base64": "3.7.7"
            }
        },
        "node_modules/@swc/helpers": {
            "version": "0.5.11",
            "resolved": "https://registry.npmjs.org/@swc/helpers/-/helpers-0.5.11.tgz",
            "integrity": "sha512-YNlnKRWF2sVojTpIyzwou9XoTNbzbzONwRhOoniEioF1AtaitTvVZblaQRrAzChWQ1bLYyYSWzM18y4WwgzJ+A==",
            "license": "Apache-2.0",
            "dependencies": {
                "tslib": "^2.4.0"
            }
        },
        "node_modules/@total-typescript/ts-reset": {
            "version": "0.5.1",
            "resolved": "https://registry.npmjs.org/@total-typescript/ts-reset/-/ts-reset-0.5.1.tgz",
            "integrity": "sha512-AqlrT8YA1o7Ff5wPfMOL0pvL+1X+sw60NN6CcOCqs658emD6RfiXhF7Gu9QcfKBH7ELY2nInLhKSCWVoNL70MQ==",
            "license": "MIT"
        },
        "node_modules/ansi-styles": {
            "version": "4.3.0",
            "resolved": "https://registry.npmjs.org/ansi-styles/-/ansi-styles-4.3.0.tgz",
            "integrity": "sha512-zbB9rCJAT1rbjiVDb2hqKFHNYLxgtk8NURxZ3IZwD3F6NtxbXZQCnnSi1Lkx+IDohdPlFp222wVALIheZJQSEg==",
            "license": "MIT",
            "dependencies": {
                "color-convert": "^2.0.1"
            },
            "engines": {
                "node": ">=8"
            },
            "funding": {
                "url": "https://github.com/chalk/ansi-styles?sponsor=1"
            }
        },
        "node_modules/as-base64": {
            "version": "0.2.0",
            "resolved": "https://registry.npmjs.org/as-base64/-/as-base64-0.2.0.tgz",
            "integrity": "sha512-j6JxprAVN4SXUcZiSChuMBf0JJOCdh5OfrHAepluxmFWuDZZm+YjmfNSk8djUHRPEB+Ui5HGvrz46GLvTJf3ig==",
            "license": "MIT"
        },
        "node_modules/as-string-sink": {
            "version": "0.5.3",
            "resolved": "https://registry.npmjs.org/as-string-sink/-/as-string-sink-0.5.3.tgz",
            "integrity": "sha512-DN/QqfptDhi4FaBqehMN9wH5Dl/PcTSfCfzSmcdtf3OVYYIEip5iyVUcS6t40BAP/OoUwtxCCbD/dlr2kVG+3Q=="
        },
        "node_modules/as-variant": {
            "version": "0.4.1",
            "resolved": "https://registry.npmjs.org/as-variant/-/as-variant-0.4.1.tgz",
            "integrity": "sha512-NCeerOfp1JRXRcT4WCqOBANPoDTE2zqS4eN+jPtdyNWJybUgG/rX9ugUxICkSQZzCfnG84zzxr3osQbjAkyiww=="
        },
        "node_modules/as-virtual": {
            "version": "0.1.9",
            "resolved": "https://registry.npmjs.org/as-virtual/-/as-virtual-0.1.9.tgz",
            "integrity": "sha512-R1nR7TT0KcROL/TxSXmiX2Q+7CgUMrjT/y9IP07StStqWs32KT2mpadJNF//yHWRaIJWe6atqTqO0JzsdhkPcQ==",
            "license": "MIT"
        },
        "node_modules/assemblyscript": {
            "version": "0.27.27",
            "resolved": "https://registry.npmjs.org/assemblyscript/-/assemblyscript-0.27.27.tgz",
            "integrity": "sha512-z4ijXsjjk3uespEeCWpO1K2GQySc6bn+LL5dL0tsC2VXNYKFnKDmAh3wefcKazxXHFVhYlxqNfyv96ajaQyINQ==",
            "license": "Apache-2.0",
            "dependencies": {
                "binaryen": "116.0.0-nightly.20240114",
                "long": "^5.2.1"
            },
            "bin": {
                "asc": "bin/asc.js",
                "asinit": "bin/asinit.js"
            },
            "engines": {
                "node": ">=16",
                "npm": ">=7"
            },
            "funding": {
                "type": "opencollective",
                "url": "https://opencollective.com/assemblyscript"
            }
        },
        "node_modules/binaryen": {
            "version": "116.0.0-nightly.20240114",
            "resolved": "https://registry.npmjs.org/binaryen/-/binaryen-116.0.0-nightly.20240114.tgz",
            "integrity": "sha512-0GZrojJnuhoe+hiwji7QFaL3tBlJoA+KFUN7ouYSDGZLSo9CKM8swQX8n/UcbR0d1VuZKU+nhogNzv423JEu5A==",
            "license": "Apache-2.0",
            "bin": {
                "wasm-opt": "bin/wasm-opt",
                "wasm2js": "bin/wasm2js"
            }
        },
        "node_modules/chalk": {
            "version": "4.1.2",
            "resolved": "https://registry.npmjs.org/chalk/-/chalk-4.1.2.tgz",
            "integrity": "sha512-oKnbhFyRIXpUuez8iBMmyEa4nbj4IOQyuhc/wy9kY7/WVPcwIO9VA668Pu8RkO7+0G76SLROeyw9CpQ061i4mA==",
            "license": "MIT",
            "dependencies": {
                "ansi-styles": "^4.1.0",
                "supports-color": "^7.1.0"
            },
            "engines": {
                "node": ">=10"
            },
            "funding": {
                "url": "https://github.com/chalk/chalk?sponsor=1"
            }
        },
        "node_modules/color-convert": {
            "version": "2.0.1",
            "resolved": "https://registry.npmjs.org/color-convert/-/color-convert-2.0.1.tgz",
            "integrity": "sha512-RRECPsj7iu/xb5oKYcsFHSppFNnsj/52OVTRKb4zP5onXwVF3zVmmToNcOfGC+CRDpfK/U584fMg38ZHCaElKQ==",
            "license": "MIT",
            "dependencies": {
                "color-name": "~1.1.4"
            },
            "engines": {
                "node": ">=7.0.0"
            }
        },
        "node_modules/color-name": {
            "version": "1.1.4",
            "resolved": "https://registry.npmjs.org/color-name/-/color-name-1.1.4.tgz",
            "integrity": "sha512-dOy+3AuW3a2wNbZHIuMZpTcgjGuLU/uBL/ubcZF9OXbDo8ff4O8yVp5Bf0efS8uEoYo5q4Fx7dY9OgQGXgAsQA==",
            "license": "MIT"
        },
        "node_modules/eckles": {
            "version": "1.4.1",
            "resolved": "https://registry.npmjs.org/eckles/-/eckles-1.4.1.tgz",
            "integrity": "sha512-auWyk/k8oSkVHaD4RxkPadKsLUcIwKgr/h8F7UZEueFDBO7BsE4y+H6IMUDbfqKIFPg/9MxV6KcBdJCmVVcxSA==",
            "license": "MPL-2.0",
            "bin": {
                "eckles": "bin/eckles.js"
            }
        },
        "node_modules/fs-extra": {
            "version": "11.2.0",
            "resolved": "https://registry.npmjs.org/fs-extra/-/fs-extra-11.2.0.tgz",
            "integrity": "sha512-PmDi3uwK5nFuXh7XDTlVnS17xJS7vW36is2+w3xcv8SVxiB4NyATf4ctkVY5bkSjX0Y4nbvZCq1/EjtEyr9ktw==",
            "license": "MIT",
            "dependencies": {
                "graceful-fs": "^4.2.0",
                "jsonfile": "^6.0.1",
                "universalify": "^2.0.0"
            },
            "engines": {
                "node": ">=14.14"
            }
        },
        "node_modules/graceful-fs": {
            "version": "4.2.11",
            "resolved": "https://registry.npmjs.org/graceful-fs/-/graceful-fs-4.2.11.tgz",
            "integrity": "sha512-RbJ5/jmFcNNCcDV5o9eTnBLJ/HszWV0P73bc+Ff4nS/rJj+YaS6IGyiOL0VoBYX+l1Wrl3k63h/KrH+nhJ0XvQ==",
            "license": "ISC"
        },
        "node_modules/has-flag": {
            "version": "4.0.0",
            "resolved": "https://registry.npmjs.org/has-flag/-/has-flag-4.0.0.tgz",
            "integrity": "sha512-EykJT/Q1KjTWctppgIAgfSO0tKVuZUjhgMr17kqTumMl6Afv3EISleU7qZUzoXDFTAHTDC4NOoG/ZxU3EvlMPQ==",
            "license": "MIT",
            "engines": {
                "node": ">=8"
            }
        },
        "node_modules/js-base64": {
            "version": "3.7.7",
            "resolved": "https://registry.npmjs.org/js-base64/-/js-base64-3.7.7.tgz",
            "integrity": "sha512-7rCnleh0z2CkXhH67J8K1Ytz0b2Y+yxTPL+/KOJoa20hfnVQ/3/T6W/KflYI4bRHRagNeXeU2bkNGI3v1oS/lw==",
            "license": "BSD-3-Clause"
        },
        "node_modules/jsonfile": {
            "version": "6.1.0",
            "resolved": "https://registry.npmjs.org/jsonfile/-/jsonfile-6.1.0.tgz",
            "integrity": "sha512-5dgndWOriYSm5cnYaJNhalLNDKOqFwyDB/rr1E9ZsGciGvKPs8R2xYGCacuf3z6K1YKDz182fd+fY3cn3pMqXQ==",
            "license": "MIT",
            "dependencies": {
                "universalify": "^2.0.0"
            },
            "optionalDependencies": {
                "graceful-fs": "^4.1.6"
            }
        },
        "node_modules/long": {
            "version": "5.2.3",
            "resolved": "https://registry.npmjs.org/long/-/long-5.2.3.tgz",
            "integrity": "sha512-lcHwpNoggQTObv5apGNCTdJrO69eHOZMi4BNC+rTLER8iHAqGrUVeLh/irVIM7zTw2bOXA8T6uNPeujwOLg/2Q==",
            "license": "Apache-2.0"
        },
        "node_modules/path-complete-extname": {
            "version": "1.0.0",
            "resolved": "https://registry.npmjs.org/path-complete-extname/-/path-complete-extname-1.0.0.tgz",
            "integrity": "sha512-CVjiWcMRdGU8ubs08YQVzhutOR5DEfO97ipRIlOGMK5Bek5nQySknBpuxVAVJ36hseTNs+vdIcv57ZrWxH7zvg=="
        },
        "node_modules/serialize-error": {
            "version": "8.1.0",
            "resolved": "https://registry.npmjs.org/serialize-error/-/serialize-error-8.1.0.tgz",
            "integrity": "sha512-3NnuWfM6vBYoy5gZFvHiYsVbafvI9vZv/+jlIigFn4oP4zjNPK3LhcY0xSCgeb1a5L8jO71Mit9LlNoi2UfDDQ==",
            "license": "MIT",
            "dependencies": {
                "type-fest": "^0.20.2"
            },
            "engines": {
                "node": ">=10"
            },
            "funding": {
                "url": "https://github.com/sponsors/sindresorhus"
            }
        },
        "node_modules/supports-color": {
            "version": "7.2.0",
            "resolved": "https://registry.npmjs.org/supports-color/-/supports-color-7.2.0.tgz",
            "integrity": "sha512-qpCAvRl9stuOHveKsn7HncJRvv501qIacKzQlO/+Lwxc9+0q2wLyv4Dfvt80/DPn2pqOBsJdDiogXGR9+OvwRw==",
            "license": "MIT",
            "dependencies": {
                "has-flag": "^4.0.0"
            },
            "engines": {
                "node": ">=8"
            }
        },
        "node_modules/tslib": {
            "version": "2.6.2",
            "resolved": "https://registry.npmjs.org/tslib/-/tslib-2.6.2.tgz",
            "integrity": "sha512-AEYxH93jGFPn/a2iVAwW87VuUIkR1FVUKB77NwMF7nBTDkDrrT/Hpt/IrCJ0QXhW27jTBDcf5ZY7w6RiqTMw2Q==",
            "license": "0BSD"
        },
        "node_modules/type-fest": {
            "version": "0.20.2",
            "resolved": "https://registry.npmjs.org/type-fest/-/type-fest-0.20.2.tgz",
            "integrity": "sha512-Ne+eE4r0/iWnpAxD852z3A+N0Bt5RN//NjJwRd2VFHEmrywxf5vsZlh4R6lixl6B+wz/8d+maTSAkN1FIkI3LQ==",
            "license": "(MIT OR CC0-1.0)",
            "engines": {
                "node": ">=10"
            },
            "funding": {
                "url": "https://github.com/sponsors/sindresorhus"
            }
        },
        "node_modules/typescript": {
            "version": "5.4.5",
            "resolved": "https://registry.npmjs.org/typescript/-/typescript-5.4.5.tgz",
            "integrity": "sha512-vcI4UpRgg81oIRUFwR0WSIHKt11nJ7SAVlYNIu+QpqeyXP+gpQJy/Z4+F0aGxSE4MqwjyXvW/TzgkLAx2AGHwQ==",
            "license": "Apache-2.0",
            "bin": {
                "tsc": "bin/tsc",
                "tsserver": "bin/tsserver"
            },
            "engines": {
                "node": ">=14.17"
            }
        },
        "node_modules/universalify": {
            "version": "2.0.1",
            "resolved": "https://registry.npmjs.org/universalify/-/universalify-2.0.1.tgz",
            "integrity": "sha512-gptHNQghINnc/vTGIk0SOFGFNXw7JVrlRUtConJRlvaw6DuX0wO5Jeko9sWrMBhh+PsYAZ7oXAiOnf/UKogyiw==",
            "license": "MIT",
            "engines": {
                "node": ">= 10.0.0"
            }
        },
        "node_modules/uuid": {
            "version": "9.0.1",
            "resolved": "https://registry.npmjs.org/uuid/-/uuid-9.0.1.tgz",
            "integrity": "sha512-b+1eJOlsR9K8HJpow9Ok3fiWOWSIcIzXodvv0rQjVoOVNpWMpxf1wZNpt4y9h10odCNrqnYp1OBzRktckBe3sA==",
            "funding": [
                "https://github.com/sponsors/broofa",
                "https://github.com/sponsors/ctavan"
            ],
            "license": "MIT",
            "bin": {
                "uuid": "dist/bin/uuid"
            }
        },
        "node_modules/ws": {
            "version": "8.16.0",
            "resolved": "https://registry.npmjs.org/ws/-/ws-8.16.0.tgz",
            "integrity": "sha512-HS0c//TP7Ina87TfiPUz1rQzMhHrl/SG2guqRcTOIUYD2q8uhUdNHZYJUaQ8aTGPzCh+c6oawMKW35nFl1dxyQ==",
            "license": "MIT",
            "engines": {
                "node": ">=10.0.0"
            },
            "peerDependencies": {
                "bufferutil": "^4.0.1",
                "utf-8-validate": ">=5.0.2"
            },
            "peerDependenciesMeta": {
                "bufferutil": {
                    "optional": true
                },
                "utf-8-validate": {
                    "optional": true
                }
            }
        },
        "node_modules/zod": {
            "version": "3.23.8",
            "resolved": "https://registry.npmjs.org/zod/-/zod-3.23.8.tgz",
            "integrity": "sha512-XBx9AXhXktjUqnepgTiE5flcKIYWi/rme0Eaj+5Y0lftuGBq+jyRu/md4WnuxqgP1ubdpNCsYEYPxrzVHD8d6g==",
            "license": "MIT",
            "funding": {
                "url": "https://github.com/sponsors/colinhacks"
            }
        }
    }
}
